
Microsoft Visual Studio Solution File, Format Version 12.00
# Visual Studio Version 17
VisualStudioVersion = 17.1.32228.430
MinimumVisualStudioVersion = 10.0.40219.1
Project("{FAE04EC0-301F-11D3-BF4B-00C04F79EFBC}") = "EmployeeWageProblem", "EmployeeWageProblem\EmployeeWageProblem.csproj", "{A08113DA-0D95-41E1-9CFD-D203925B9880}"
EndProject
Global
	GlobalSection(SolutionConfigurationPlatforms) = preSolution
		Debug|Any CPU = Debug|Any CPU
		Release|Any CPU = Release|Any CPU
	EndGlobalSection
	GlobalSection(ProjectConfigurationPlatforms) = postSolution
		{A08113DA-0D95-41E1-9CFD-D203925B9880}.Debug|Any CPU.ActiveCfg = Debug|Any CPU
		{A08113DA-0D95-41E1-9CFD-D203925B9880}.Debug|Any CPU.Build.0 = Debug|Any CPU
		{A08113DA-0D95-41E1-9CFD-D203925B9880}.Release|Any CPU.ActiveCfg = Release|Any CPU
		{A08113DA-0D95-41E1-9CFD-D203925B9880}.Release|Any CPU.Build.0 = Release|Any CPU
	EndGlobalSection
	GlobalSection(SolutionProperties) = preSolution
		HideSolutionNode = FALSE
	EndGlobalSection
	GlobalSection(ExtensibilityGlobals) = postSolution
		SolutionGuid = {4BD4C7F0-B327-420F-BAA6-2A9909A1DA63}
	EndGlobalSection
EndGlobal
